
Microsoft Visual Studio Solution File, Format Version 12.00
# Visual Studio Version 17
VisualStudioVersion = 17.2.32317.152
MinimumVisualStudioVersion = 10.0.40219.1
Project("{FAE04EC0-301F-11D3-BF4B-00C04F79EFBC}") = "PunchedCards", "PunchedCards.csproj", "{457D649E-E5EA-497D-85BA-B491A85DFF89}"
EndProject
Global
	GlobalSection(SolutionConfigurationPlatforms) = preSolution
		Debug|Any CPU = Debug|Any CPU
		Release|Any CPU = Release|Any CPU
	EndGlobalSection
	GlobalSection(ProjectConfigurationPlatforms) = postSolution
		{457D649E-E5EA-497D-85BA-B491A85DFF89}.Debug|Any CPU.ActiveCfg = Debug|Any CPU
		{457D649E-E5EA-497D-85BA-B491A85DFF89}.Debug|Any CPU.Build.0 = Debug|Any CPU
		{457D649E-E5EA-497D-85BA-B491A85DFF89}.Release|Any CPU.ActiveCfg = Release|Any CPU
		{457D649E-E5EA-497D-85BA-B491A85DFF89}.Release|Any CPU.Build.0 = Release|Any CPU
	EndGlobalSection
	GlobalSection(SolutionProperties) = preSolution
		HideSolutionNode = FALSE
	EndGlobalSection
	GlobalSection(ExtensibilityGlobals) = postSolution
		SolutionGuid = {99D006E1-956A-4232-B530-B9BEE4BA8E43}
	EndGlobalSection
EndGlobal
