
Microsoft Visual Studio Solution File, Format Version 12.00
# Visual Studio 2012
Project("{FAE04EC0-301F-11D3-BF4B-00C04F79EFBC}") = "Cube IV", "Cube IV\Cube IV.csproj", "{BC1E8B79-8F25-4469-B948-069FCDD1BBFB}"
EndProject
Global
	GlobalSection(SolutionConfigurationPlatforms) = preSolution
		Debug|Any CPU = Debug|Any CPU
		Release|Any CPU = Release|Any CPU
	EndGlobalSection
	GlobalSection(ProjectConfigurationPlatforms) = postSolution
		{BC1E8B79-8F25-4469-B948-069FCDD1BBFB}.Debug|Any CPU.ActiveCfg = Debug|Any CPU
		{BC1E8B79-8F25-4469-B948-069FCDD1BBFB}.Debug|Any CPU.Build.0 = Debug|Any CPU
		{BC1E8B79-8F25-4469-B948-069FCDD1BBFB}.Release|Any CPU.ActiveCfg = Release|Any CPU
		{BC1E8B79-8F25-4469-B948-069FCDD1BBFB}.Release|Any CPU.Build.0 = Release|Any CPU
	EndGlobalSection
	GlobalSection(SolutionProperties) = preSolution
		HideSolutionNode = FALSE
	EndGlobalSection
EndGlobal
