
Microsoft Visual Studio Solution File, Format Version 12.00
# Visual Studio Version 17
VisualStudioVersion = 17.4.32804.182
MinimumVisualStudioVersion = 10.0.40219.1
Project("{FAE04EC0-301F-11D3-BF4B-00C04F79EFBC}") = "RainbowSort", "RainbowSort.csproj", "{4E1320C3-E71C-4457-9B1A-D138ED361E5A}"
EndProject
Global
	GlobalSection(SolutionConfigurationPlatforms) = preSolution
		Debug|Any CPU = Debug|Any CPU
		Release|Any CPU = Release|Any CPU
	EndGlobalSection
	GlobalSection(ProjectConfigurationPlatforms) = postSolution
		{4E1320C3-E71C-4457-9B1A-D138ED361E5A}.Debug|Any CPU.ActiveCfg = Debug|Any CPU
		{4E1320C3-E71C-4457-9B1A-D138ED361E5A}.Debug|Any CPU.Build.0 = Debug|Any CPU
		{4E1320C3-E71C-4457-9B1A-D138ED361E5A}.Release|Any CPU.ActiveCfg = Release|Any CPU
		{4E1320C3-E71C-4457-9B1A-D138ED361E5A}.Release|Any CPU.Build.0 = Release|Any CPU
	EndGlobalSection
	GlobalSection(SolutionProperties) = preSolution
		HideSolutionNode = FALSE
	EndGlobalSection
	GlobalSection(ExtensibilityGlobals) = postSolution
		SolutionGuid = {C21F58D5-CFFB-4F1D-A11B-515DAE3EBA97}
	EndGlobalSection
EndGlobal
