
Microsoft Visual Studio Solution File, Format Version 12.00
# Visual Studio Version 16
VisualStudioVersion = 16.0.31025.218
MinimumVisualStudioVersion = 10.0.40219.1
Project("{FAE04EC0-301F-11D3-BF4B-00C04F79EFBC}") = "TrainTimetable", "TrainTimetable.csproj", "{AC6242DB-4B78-4ED6-9016-2FC57495D7DC}"
EndProject
Global
	GlobalSection(SolutionConfigurationPlatforms) = preSolution
		Debug|Any CPU = Debug|Any CPU
		Release|Any CPU = Release|Any CPU
	EndGlobalSection
	GlobalSection(ProjectConfigurationPlatforms) = postSolution
		{AC6242DB-4B78-4ED6-9016-2FC57495D7DC}.Debug|Any CPU.ActiveCfg = Debug|Any CPU
		{AC6242DB-4B78-4ED6-9016-2FC57495D7DC}.Debug|Any CPU.Build.0 = Debug|Any CPU
		{AC6242DB-4B78-4ED6-9016-2FC57495D7DC}.Release|Any CPU.ActiveCfg = Release|Any CPU
		{AC6242DB-4B78-4ED6-9016-2FC57495D7DC}.Release|Any CPU.Build.0 = Release|Any CPU
	EndGlobalSection
	GlobalSection(SolutionProperties) = preSolution
		HideSolutionNode = FALSE
	EndGlobalSection
	GlobalSection(ExtensibilityGlobals) = postSolution
		SolutionGuid = {B29D091C-649C-4B27-BABB-9CFBCDF973E0}
	EndGlobalSection
EndGlobal
