
Microsoft Visual Studio Solution File, Format Version 12.00
# Visual Studio 2012
Project("{FAE04EC0-301F-11D3-BF4B-00C04F79EFBC}") = "Tic-Tac-Toe-Tomek", "Tic-Tac-Toe-Tomek.csproj", "{FC53C77F-F082-437E-A051-1EDBCA165133}"
EndProject
Global
	GlobalSection(SolutionConfigurationPlatforms) = preSolution
		Debug|Any CPU = Debug|Any CPU
		Release|Any CPU = Release|Any CPU
	EndGlobalSection
	GlobalSection(ProjectConfigurationPlatforms) = postSolution
		{FC53C77F-F082-437E-A051-1EDBCA165133}.Debug|Any CPU.ActiveCfg = Debug|Any CPU
		{FC53C77F-F082-437E-A051-1EDBCA165133}.Debug|Any CPU.Build.0 = Debug|Any CPU
		{FC53C77F-F082-437E-A051-1EDBCA165133}.Release|Any CPU.ActiveCfg = Release|Any CPU
		{FC53C77F-F082-437E-A051-1EDBCA165133}.Release|Any CPU.Build.0 = Release|Any CPU
	EndGlobalSection
	GlobalSection(SolutionProperties) = preSolution
		HideSolutionNode = FALSE
	EndGlobalSection
EndGlobal
