
Microsoft Visual Studio Solution File, Format Version 12.00
# Visual Studio Version 17
VisualStudioVersion = 17.3.32519.111
MinimumVisualStudioVersion = 10.0.40219.1
Project("{FAE04EC0-301F-11D3-BF4B-00C04F79EFBC}") = "ParentingPartneringReturns", "ParentingPartneringReturns.csproj", "{071F92C2-1046-4FEC-B832-F2AF357F48DC}"
EndProject
Project("{FAE04EC0-301F-11D3-BF4B-00C04F79EFBC}") = "Dianas", "..\Dianas\Dianas.csproj", "{92D57579-CAA2-4325-BB9A-86DC0534CAC6}"
EndProject
Global
	GlobalSection(SolutionConfigurationPlatforms) = preSolution
		Debug|Any CPU = Debug|Any CPU
		Release|Any CPU = Release|Any CPU
	EndGlobalSection
	GlobalSection(ProjectConfigurationPlatforms) = postSolution
		{071F92C2-1046-4FEC-B832-F2AF357F48DC}.Debug|Any CPU.ActiveCfg = Debug|Any CPU
		{071F92C2-1046-4FEC-B832-F2AF357F48DC}.Debug|Any CPU.Build.0 = Debug|Any CPU
		{071F92C2-1046-4FEC-B832-F2AF357F48DC}.Release|Any CPU.ActiveCfg = Release|Any CPU
		{071F92C2-1046-4FEC-B832-F2AF357F48DC}.Release|Any CPU.Build.0 = Release|Any CPU
		{92D57579-CAA2-4325-BB9A-86DC0534CAC6}.Debug|Any CPU.ActiveCfg = Debug|Any CPU
		{92D57579-CAA2-4325-BB9A-86DC0534CAC6}.Debug|Any CPU.Build.0 = Debug|Any CPU
		{92D57579-CAA2-4325-BB9A-86DC0534CAC6}.Release|Any CPU.ActiveCfg = Release|Any CPU
		{92D57579-CAA2-4325-BB9A-86DC0534CAC6}.Release|Any CPU.Build.0 = Release|Any CPU
	EndGlobalSection
	GlobalSection(SolutionProperties) = preSolution
		HideSolutionNode = FALSE
	EndGlobalSection
	GlobalSection(ExtensibilityGlobals) = postSolution
		SolutionGuid = {F4C2E5BA-5650-443B-845A-D40935614D23}
	EndGlobalSection
EndGlobal
