
Microsoft Visual Studio Solution File, Format Version 12.00
# Visual Studio Version 17
VisualStudioVersion = 17.2.32422.2
MinimumVisualStudioVersion = 10.0.40219.1
Project("{FAE04EC0-301F-11D3-BF4B-00C04F79EFBC}") = "ChainReactions", "ChainReactions.csproj", "{FAB6E63A-4BD6-4744-8A9D-29B224FC3B7F}"
EndProject
Global
	GlobalSection(SolutionConfigurationPlatforms) = preSolution
		Debug|Any CPU = Debug|Any CPU
		Release|Any CPU = Release|Any CPU
	EndGlobalSection
	GlobalSection(ProjectConfigurationPlatforms) = postSolution
		{FAB6E63A-4BD6-4744-8A9D-29B224FC3B7F}.Debug|Any CPU.ActiveCfg = Debug|Any CPU
		{FAB6E63A-4BD6-4744-8A9D-29B224FC3B7F}.Debug|Any CPU.Build.0 = Debug|Any CPU
		{FAB6E63A-4BD6-4744-8A9D-29B224FC3B7F}.Release|Any CPU.ActiveCfg = Release|Any CPU
		{FAB6E63A-4BD6-4744-8A9D-29B224FC3B7F}.Release|Any CPU.Build.0 = Release|Any CPU
	EndGlobalSection
	GlobalSection(SolutionProperties) = preSolution
		HideSolutionNode = FALSE
	EndGlobalSection
	GlobalSection(ExtensibilityGlobals) = postSolution
		SolutionGuid = {723B77DE-9814-4418-B34B-08F69133DA8A}
	EndGlobalSection
EndGlobal
